
Microsoft Visual Studio Solution File, Format Version 12.00
# Visual Studio Version 17
VisualStudioVersion = 17.2.32526.322
MinimumVisualStudioVersion = 10.0.40219.1
Project("{FAE04EC0-301F-11D3-BF4B-00C04F79EFBC}") = "Box", "Box\Box.csproj", "{A3805175-6B98-4388-AAED-0D76F8186830}"
EndProject
Project("{FAE04EC0-301F-11D3-BF4B-00C04F79EFBC}") = "TuplesAndThreeuples", "TuplesAndThreeuples\TuplesAndThreeuples.csproj", "{D314F78B-1D7A-49F4-A7AC-97383778FFEB}"
EndProject
Global
	GlobalSection(SolutionConfigurationPlatforms) = preSolution
		Debug|Any CPU = Debug|Any CPU
		Release|Any CPU = Release|Any CPU
	EndGlobalSection
	GlobalSection(ProjectConfigurationPlatforms) = postSolution
		{A3805175-6B98-4388-AAED-0D76F8186830}.Debug|Any CPU.ActiveCfg = Debug|Any CPU
		{A3805175-6B98-4388-AAED-0D76F8186830}.Debug|Any CPU.Build.0 = Debug|Any CPU
		{A3805175-6B98-4388-AAED-0D76F8186830}.Release|Any CPU.ActiveCfg = Release|Any CPU
		{A3805175-6B98-4388-AAED-0D76F8186830}.Release|Any CPU.Build.0 = Release|Any CPU
		{D314F78B-1D7A-49F4-A7AC-97383778FFEB}.Debug|Any CPU.ActiveCfg = Debug|Any CPU
		{D314F78B-1D7A-49F4-A7AC-97383778FFEB}.Debug|Any CPU.Build.0 = Debug|Any CPU
		{D314F78B-1D7A-49F4-A7AC-97383778FFEB}.Release|Any CPU.ActiveCfg = Release|Any CPU
		{D314F78B-1D7A-49F4-A7AC-97383778FFEB}.Release|Any CPU.Build.0 = Release|Any CPU
	EndGlobalSection
	GlobalSection(SolutionProperties) = preSolution
		HideSolutionNode = FALSE
	EndGlobalSection
	GlobalSection(ExtensibilityGlobals) = postSolution
		SolutionGuid = {8F74E126-909D-4E8C-8B5B-6C2B02700EB6}
	EndGlobalSection
EndGlobal
