
Microsoft Visual Studio Solution File, Format Version 12.00
# Visual Studio Version 17
VisualStudioVersion = 17.2.32602.215
MinimumVisualStudioVersion = 10.0.40219.1
Project("{9A19103F-16F7-4668-BE54-9A1E7A4F7556}") = "P01.BirthdayCelebration", "P01.BirthdayCelebration\P01.BirthdayCelebration.csproj", "{1BE27933-BED4-4487-8E01-0035E98978CA}"
EndProject
Project("{FAE04EC0-301F-11D3-BF4B-00C04F79EFBC}") = "P02.TheBattleOfTheFiveArmies", "P02.TheBattleOfTheFiveArmies\P02.TheBattleOfTheFiveArmies.csproj", "{6FCBD32D-79FA-4602-A3E8-4E7502802763}"
EndProject
Global
	GlobalSection(SolutionConfigurationPlatforms) = preSolution
		Debug|Any CPU = Debug|Any CPU
		Release|Any CPU = Release|Any CPU
	EndGlobalSection
	GlobalSection(ProjectConfigurationPlatforms) = postSolution
		{1BE27933-BED4-4487-8E01-0035E98978CA}.Debug|Any CPU.ActiveCfg = Debug|Any CPU
		{1BE27933-BED4-4487-8E01-0035E98978CA}.Debug|Any CPU.Build.0 = Debug|Any CPU
		{1BE27933-BED4-4487-8E01-0035E98978CA}.Release|Any CPU.ActiveCfg = Release|Any CPU
		{1BE27933-BED4-4487-8E01-0035E98978CA}.Release|Any CPU.Build.0 = Release|Any CPU
		{6FCBD32D-79FA-4602-A3E8-4E7502802763}.Debug|Any CPU.ActiveCfg = Debug|Any CPU
		{6FCBD32D-79FA-4602-A3E8-4E7502802763}.Debug|Any CPU.Build.0 = Debug|Any CPU
		{6FCBD32D-79FA-4602-A3E8-4E7502802763}.Release|Any CPU.ActiveCfg = Release|Any CPU
		{6FCBD32D-79FA-4602-A3E8-4E7502802763}.Release|Any CPU.Build.0 = Release|Any CPU
	EndGlobalSection
	GlobalSection(SolutionProperties) = preSolution
		HideSolutionNode = FALSE
	EndGlobalSection
	GlobalSection(ExtensibilityGlobals) = postSolution
		SolutionGuid = {D1944130-6B35-401E-8DC5-CB434A366120}
	EndGlobalSection
EndGlobal
