
Microsoft Visual Studio Solution File, Format Version 12.00
# Visual Studio Version 17
VisualStudioVersion = 17.3.32804.467
MinimumVisualStudioVersion = 10.0.40219.1
Project("{FAE04EC0-301F-11D3-BF4B-00C04F79EFBC}") = "P01.Bombs", "P01.Bombs\P01.Bombs.csproj", "{2C75A8B0-D2BA-4D52-87FB-C24AD87C62CF}"
EndProject
Project("{FAE04EC0-301F-11D3-BF4B-00C04F79EFBC}") = "P02.Snake", "P02.Snake\P02.Snake.csproj", "{870F91E8-199F-475A-AE16-D53534CB5F1F}"
EndProject
Project("{9A19103F-16F7-4668-BE54-9A1E7A4F7556}") = "Parking", "P03.Parking\Parking\Parking.csproj", "{755B172C-BD89-4278-9A93-B23FD50A3F46}"
EndProject
Global
	GlobalSection(SolutionConfigurationPlatforms) = preSolution
		Debug|Any CPU = Debug|Any CPU
		Release|Any CPU = Release|Any CPU
	EndGlobalSection
	GlobalSection(ProjectConfigurationPlatforms) = postSolution
		{2C75A8B0-D2BA-4D52-87FB-C24AD87C62CF}.Debug|Any CPU.ActiveCfg = Debug|Any CPU
		{2C75A8B0-D2BA-4D52-87FB-C24AD87C62CF}.Debug|Any CPU.Build.0 = Debug|Any CPU
		{2C75A8B0-D2BA-4D52-87FB-C24AD87C62CF}.Release|Any CPU.ActiveCfg = Release|Any CPU
		{2C75A8B0-D2BA-4D52-87FB-C24AD87C62CF}.Release|Any CPU.Build.0 = Release|Any CPU
		{870F91E8-199F-475A-AE16-D53534CB5F1F}.Debug|Any CPU.ActiveCfg = Debug|Any CPU
		{870F91E8-199F-475A-AE16-D53534CB5F1F}.Debug|Any CPU.Build.0 = Debug|Any CPU
		{870F91E8-199F-475A-AE16-D53534CB5F1F}.Release|Any CPU.ActiveCfg = Release|Any CPU
		{870F91E8-199F-475A-AE16-D53534CB5F1F}.Release|Any CPU.Build.0 = Release|Any CPU
		{755B172C-BD89-4278-9A93-B23FD50A3F46}.Debug|Any CPU.ActiveCfg = Debug|Any CPU
		{755B172C-BD89-4278-9A93-B23FD50A3F46}.Debug|Any CPU.Build.0 = Debug|Any CPU
		{755B172C-BD89-4278-9A93-B23FD50A3F46}.Release|Any CPU.ActiveCfg = Release|Any CPU
		{755B172C-BD89-4278-9A93-B23FD50A3F46}.Release|Any CPU.Build.0 = Release|Any CPU
	EndGlobalSection
	GlobalSection(SolutionProperties) = preSolution
		HideSolutionNode = FALSE
	EndGlobalSection
	GlobalSection(ExtensibilityGlobals) = postSolution
		SolutionGuid = {6B639FC8-D00B-4050-A00B-23364A90107C}
	EndGlobalSection
EndGlobal
