
Microsoft Visual Studio Solution File, Format Version 12.00
# Visual Studio Version 17
VisualStudioVersion = 17.2.32526.322
MinimumVisualStudioVersion = 10.0.40219.1
Project("{FAE04EC0-301F-11D3-BF4B-00C04F79EFBC}") = "Cars", "Cars\Cars.csproj", "{472DAB15-44C6-4F71-AA42-0ADA4D3600BB}"
EndProject
Global
	GlobalSection(SolutionConfigurationPlatforms) = preSolution
		Debug|Any CPU = Debug|Any CPU
		Release|Any CPU = Release|Any CPU
	EndGlobalSection
	GlobalSection(ProjectConfigurationPlatforms) = postSolution
		{472DAB15-44C6-4F71-AA42-0ADA4D3600BB}.Debug|Any CPU.ActiveCfg = Debug|Any CPU
		{472DAB15-44C6-4F71-AA42-0ADA4D3600BB}.Debug|Any CPU.Build.0 = Debug|Any CPU
		{472DAB15-44C6-4F71-AA42-0ADA4D3600BB}.Release|Any CPU.ActiveCfg = Release|Any CPU
		{472DAB15-44C6-4F71-AA42-0ADA4D3600BB}.Release|Any CPU.Build.0 = Release|Any CPU
	EndGlobalSection
	GlobalSection(SolutionProperties) = preSolution
		HideSolutionNode = FALSE
	EndGlobalSection
	GlobalSection(ExtensibilityGlobals) = postSolution
		SolutionGuid = {42C98D1E-2E6C-4351-9227-1F265A981459}
	EndGlobalSection
EndGlobal
