
Microsoft Visual Studio Solution File, Format Version 12.00
# Visual Studio Version 17
VisualStudioVersion = 17.1.32328.378
MinimumVisualStudioVersion = 10.0.40219.1
Project("{FAE04EC0-301F-11D3-BF4B-00C04F79EFBC}") = "P1. Reverse a String", "P1. Reverse a String\P1. Reverse a String.csproj", "{95AE6066-3AA5-4A81-AD37-0A5C89226DF4}"
EndProject
Project("{FAE04EC0-301F-11D3-BF4B-00C04F79EFBC}") = "P2. Stack Sum", "P2. Stack Sum\P2. Stack Sum.csproj", "{57280D83-C022-4AF4-9C6E-E8831428E6C5}"
EndProject
Project("{FAE04EC0-301F-11D3-BF4B-00C04F79EFBC}") = "P3. Simple Calculator", "P3. Simple Calculator\P3. Simple Calculator.csproj", "{6439A6E2-20A2-4D35-B5E9-A181CFEF4136}"
EndProject
Project("{FAE04EC0-301F-11D3-BF4B-00C04F79EFBC}") = "P4. Matching Brackets", "P4. Matching Brackets\P4. Matching Brackets.csproj", "{B869CC8B-352B-452E-B6C3-EC27DBD02DF8}"
EndProject
Project("{FAE04EC0-301F-11D3-BF4B-00C04F79EFBC}") = "P5. Print Even Numbers", "P5. Print Even Numbers\P5. Print Even Numbers.csproj", "{BA63254C-09C3-41A9-B96A-5C11BAE76593}"
EndProject
Project("{FAE04EC0-301F-11D3-BF4B-00C04F79EFBC}") = "P6. Supermarket", "P6. Supermarket\P6. Supermarket.csproj", "{6BC47996-FFBB-4E04-A0A6-4691297FBA6E}"
EndProject
Project("{FAE04EC0-301F-11D3-BF4B-00C04F79EFBC}") = "P7. Hot Potato", "P7. Hot Potato\P7. Hot Potato.csproj", "{E00771B8-704C-4B8B-B51F-55D54D124DC5}"
EndProject
Project("{FAE04EC0-301F-11D3-BF4B-00C04F79EFBC}") = "P8. Traffic Jam", "P8. Traffic Jam\P8. Traffic Jam.csproj", "{3E60756F-AFB1-4AA2-B545-4FD4586091E6}"
EndProject
Global
	GlobalSection(SolutionConfigurationPlatforms) = preSolution
		Debug|Any CPU = Debug|Any CPU
		Release|Any CPU = Release|Any CPU
	EndGlobalSection
	GlobalSection(ProjectConfigurationPlatforms) = postSolution
		{95AE6066-3AA5-4A81-AD37-0A5C89226DF4}.Debug|Any CPU.ActiveCfg = Debug|Any CPU
		{95AE6066-3AA5-4A81-AD37-0A5C89226DF4}.Debug|Any CPU.Build.0 = Debug|Any CPU
		{95AE6066-3AA5-4A81-AD37-0A5C89226DF4}.Release|Any CPU.ActiveCfg = Release|Any CPU
		{95AE6066-3AA5-4A81-AD37-0A5C89226DF4}.Release|Any CPU.Build.0 = Release|Any CPU
		{57280D83-C022-4AF4-9C6E-E8831428E6C5}.Debug|Any CPU.ActiveCfg = Debug|Any CPU
		{57280D83-C022-4AF4-9C6E-E8831428E6C5}.Debug|Any CPU.Build.0 = Debug|Any CPU
		{57280D83-C022-4AF4-9C6E-E8831428E6C5}.Release|Any CPU.ActiveCfg = Release|Any CPU
		{57280D83-C022-4AF4-9C6E-E8831428E6C5}.Release|Any CPU.Build.0 = Release|Any CPU
		{6439A6E2-20A2-4D35-B5E9-A181CFEF4136}.Debug|Any CPU.ActiveCfg = Debug|Any CPU
		{6439A6E2-20A2-4D35-B5E9-A181CFEF4136}.Debug|Any CPU.Build.0 = Debug|Any CPU
		{6439A6E2-20A2-4D35-B5E9-A181CFEF4136}.Release|Any CPU.ActiveCfg = Release|Any CPU
		{6439A6E2-20A2-4D35-B5E9-A181CFEF4136}.Release|Any CPU.Build.0 = Release|Any CPU
		{B869CC8B-352B-452E-B6C3-EC27DBD02DF8}.Debug|Any CPU.ActiveCfg = Debug|Any CPU
		{B869CC8B-352B-452E-B6C3-EC27DBD02DF8}.Debug|Any CPU.Build.0 = Debug|Any CPU
		{B869CC8B-352B-452E-B6C3-EC27DBD02DF8}.Release|Any CPU.ActiveCfg = Release|Any CPU
		{B869CC8B-352B-452E-B6C3-EC27DBD02DF8}.Release|Any CPU.Build.0 = Release|Any CPU
		{BA63254C-09C3-41A9-B96A-5C11BAE76593}.Debug|Any CPU.ActiveCfg = Debug|Any CPU
		{BA63254C-09C3-41A9-B96A-5C11BAE76593}.Debug|Any CPU.Build.0 = Debug|Any CPU
		{BA63254C-09C3-41A9-B96A-5C11BAE76593}.Release|Any CPU.ActiveCfg = Release|Any CPU
		{BA63254C-09C3-41A9-B96A-5C11BAE76593}.Release|Any CPU.Build.0 = Release|Any CPU
		{6BC47996-FFBB-4E04-A0A6-4691297FBA6E}.Debug|Any CPU.ActiveCfg = Debug|Any CPU
		{6BC47996-FFBB-4E04-A0A6-4691297FBA6E}.Debug|Any CPU.Build.0 = Debug|Any CPU
		{6BC47996-FFBB-4E04-A0A6-4691297FBA6E}.Release|Any CPU.ActiveCfg = Release|Any CPU
		{6BC47996-FFBB-4E04-A0A6-4691297FBA6E}.Release|Any CPU.Build.0 = Release|Any CPU
		{E00771B8-704C-4B8B-B51F-55D54D124DC5}.Debug|Any CPU.ActiveCfg = Debug|Any CPU
		{E00771B8-704C-4B8B-B51F-55D54D124DC5}.Debug|Any CPU.Build.0 = Debug|Any CPU
		{E00771B8-704C-4B8B-B51F-55D54D124DC5}.Release|Any CPU.ActiveCfg = Release|Any CPU
		{E00771B8-704C-4B8B-B51F-55D54D124DC5}.Release|Any CPU.Build.0 = Release|Any CPU
		{3E60756F-AFB1-4AA2-B545-4FD4586091E6}.Debug|Any CPU.ActiveCfg = Debug|Any CPU
		{3E60756F-AFB1-4AA2-B545-4FD4586091E6}.Debug|Any CPU.Build.0 = Debug|Any CPU
		{3E60756F-AFB1-4AA2-B545-4FD4586091E6}.Release|Any CPU.ActiveCfg = Release|Any CPU
		{3E60756F-AFB1-4AA2-B545-4FD4586091E6}.Release|Any CPU.Build.0 = Release|Any CPU
	EndGlobalSection
	GlobalSection(SolutionProperties) = preSolution
		HideSolutionNode = FALSE
	EndGlobalSection
	GlobalSection(ExtensibilityGlobals) = postSolution
		SolutionGuid = {75D1A083-4AE9-44AF-B62F-7ADE9661149A}
	EndGlobalSection
EndGlobal
