
Microsoft Visual Studio Solution File, Format Version 12.00
# Visual Studio Version 17
VisualStudioVersion = 17.1.32328.378
MinimumVisualStudioVersion = 10.0.40219.1
Project("{9A19103F-16F7-4668-BE54-9A1E7A4F7556}") = "P1. Diagonal Difference", "P1. Diagonal Difference\P1. Diagonal Difference.csproj", "{CE5FB740-3C16-4C04-AD23-2021DB06207C}"
EndProject
Project("{9A19103F-16F7-4668-BE54-9A1E7A4F7556}") = "P2. Squares in Matrix", "P2. Squares in Matrix\P2. Squares in Matrix.csproj", "{39FDBBE1-127D-4A9B-A4D7-803AD65A31DB}"
EndProject
Project("{9A19103F-16F7-4668-BE54-9A1E7A4F7556}") = "P3. Maximal Sum", "P3. Maximal Sum\P3. Maximal Sum.csproj", "{D4F3AE4B-2DED-4020-82F1-633F383781CB}"
EndProject
Project("{9A19103F-16F7-4668-BE54-9A1E7A4F7556}") = "P4. Matrix Shuffling", "P4. Matrix Shuffling\P4. Matrix Shuffling.csproj", "{561B4014-6266-4AAA-A017-0C44D3F29361}"
EndProject
Project("{9A19103F-16F7-4668-BE54-9A1E7A4F7556}") = "P5. Snake Moves", "P5. Snake Moves\P5. Snake Moves.csproj", "{FEC7CAF9-F871-473B-9AC6-D2D50E63A7F1}"
EndProject
Project("{9A19103F-16F7-4668-BE54-9A1E7A4F7556}") = "P6. Jagged Array Manipulator", "P6. Jagged Array Manipulator\P6. Jagged Array Manipulator.csproj", "{D17E3CB6-C2E5-483C-A409-273A2D603BA3}"
EndProject
Project("{9A19103F-16F7-4668-BE54-9A1E7A4F7556}") = "P7. Knight Game", "P7. Knight Game\P7. Knight Game.csproj", "{4D0ED992-4D5B-46FA-8617-40F46109C41C}"
EndProject
Project("{9A19103F-16F7-4668-BE54-9A1E7A4F7556}") = "P8. Bombs", "P8. Bombs\P8. Bombs.csproj", "{1D829B9E-BB2A-45A6-944E-5C13E6548AD4}"
EndProject
Project("{FAE04EC0-301F-11D3-BF4B-00C04F79EFBC}") = "P9. Miner", "P9. Miner\P9. Miner.csproj", "{6762E901-598C-47E6-A40F-D16EE4EECD7F}"
EndProject
Project("{FAE04EC0-301F-11D3-BF4B-00C04F79EFBC}") = "P10. Radioactive Mutant Vampire Bunnies", "P10. Radioactive Mutant Vampire Bunnies\P10. Radioactive Mutant Vampire Bunnies.csproj", "{ED302790-6FD3-4335-9018-26CC870D3D8E}"
EndProject
Global
	GlobalSection(SolutionConfigurationPlatforms) = preSolution
		Debug|Any CPU = Debug|Any CPU
		Release|Any CPU = Release|Any CPU
	EndGlobalSection
	GlobalSection(ProjectConfigurationPlatforms) = postSolution
		{CE5FB740-3C16-4C04-AD23-2021DB06207C}.Debug|Any CPU.ActiveCfg = Debug|Any CPU
		{CE5FB740-3C16-4C04-AD23-2021DB06207C}.Debug|Any CPU.Build.0 = Debug|Any CPU
		{CE5FB740-3C16-4C04-AD23-2021DB06207C}.Release|Any CPU.ActiveCfg = Release|Any CPU
		{CE5FB740-3C16-4C04-AD23-2021DB06207C}.Release|Any CPU.Build.0 = Release|Any CPU
		{39FDBBE1-127D-4A9B-A4D7-803AD65A31DB}.Debug|Any CPU.ActiveCfg = Debug|Any CPU
		{39FDBBE1-127D-4A9B-A4D7-803AD65A31DB}.Debug|Any CPU.Build.0 = Debug|Any CPU
		{39FDBBE1-127D-4A9B-A4D7-803AD65A31DB}.Release|Any CPU.ActiveCfg = Release|Any CPU
		{39FDBBE1-127D-4A9B-A4D7-803AD65A31DB}.Release|Any CPU.Build.0 = Release|Any CPU
		{D4F3AE4B-2DED-4020-82F1-633F383781CB}.Debug|Any CPU.ActiveCfg = Debug|Any CPU
		{D4F3AE4B-2DED-4020-82F1-633F383781CB}.Debug|Any CPU.Build.0 = Debug|Any CPU
		{D4F3AE4B-2DED-4020-82F1-633F383781CB}.Release|Any CPU.ActiveCfg = Release|Any CPU
		{D4F3AE4B-2DED-4020-82F1-633F383781CB}.Release|Any CPU.Build.0 = Release|Any CPU
		{561B4014-6266-4AAA-A017-0C44D3F29361}.Debug|Any CPU.ActiveCfg = Debug|Any CPU
		{561B4014-6266-4AAA-A017-0C44D3F29361}.Debug|Any CPU.Build.0 = Debug|Any CPU
		{561B4014-6266-4AAA-A017-0C44D3F29361}.Release|Any CPU.ActiveCfg = Release|Any CPU
		{561B4014-6266-4AAA-A017-0C44D3F29361}.Release|Any CPU.Build.0 = Release|Any CPU
		{FEC7CAF9-F871-473B-9AC6-D2D50E63A7F1}.Debug|Any CPU.ActiveCfg = Debug|Any CPU
		{FEC7CAF9-F871-473B-9AC6-D2D50E63A7F1}.Debug|Any CPU.Build.0 = Debug|Any CPU
		{FEC7CAF9-F871-473B-9AC6-D2D50E63A7F1}.Release|Any CPU.ActiveCfg = Release|Any CPU
		{FEC7CAF9-F871-473B-9AC6-D2D50E63A7F1}.Release|Any CPU.Build.0 = Release|Any CPU
		{D17E3CB6-C2E5-483C-A409-273A2D603BA3}.Debug|Any CPU.ActiveCfg = Debug|Any CPU
		{D17E3CB6-C2E5-483C-A409-273A2D603BA3}.Debug|Any CPU.Build.0 = Debug|Any CPU
		{D17E3CB6-C2E5-483C-A409-273A2D603BA3}.Release|Any CPU.ActiveCfg = Release|Any CPU
		{D17E3CB6-C2E5-483C-A409-273A2D603BA3}.Release|Any CPU.Build.0 = Release|Any CPU
		{4D0ED992-4D5B-46FA-8617-40F46109C41C}.Debug|Any CPU.ActiveCfg = Debug|Any CPU
		{4D0ED992-4D5B-46FA-8617-40F46109C41C}.Debug|Any CPU.Build.0 = Debug|Any CPU
		{4D0ED992-4D5B-46FA-8617-40F46109C41C}.Release|Any CPU.ActiveCfg = Release|Any CPU
		{4D0ED992-4D5B-46FA-8617-40F46109C41C}.Release|Any CPU.Build.0 = Release|Any CPU
		{1D829B9E-BB2A-45A6-944E-5C13E6548AD4}.Debug|Any CPU.ActiveCfg = Debug|Any CPU
		{1D829B9E-BB2A-45A6-944E-5C13E6548AD4}.Debug|Any CPU.Build.0 = Debug|Any CPU
		{1D829B9E-BB2A-45A6-944E-5C13E6548AD4}.Release|Any CPU.ActiveCfg = Release|Any CPU
		{1D829B9E-BB2A-45A6-944E-5C13E6548AD4}.Release|Any CPU.Build.0 = Release|Any CPU
		{6762E901-598C-47E6-A40F-D16EE4EECD7F}.Debug|Any CPU.ActiveCfg = Debug|Any CPU
		{6762E901-598C-47E6-A40F-D16EE4EECD7F}.Debug|Any CPU.Build.0 = Debug|Any CPU
		{6762E901-598C-47E6-A40F-D16EE4EECD7F}.Release|Any CPU.ActiveCfg = Release|Any CPU
		{6762E901-598C-47E6-A40F-D16EE4EECD7F}.Release|Any CPU.Build.0 = Release|Any CPU
		{ED302790-6FD3-4335-9018-26CC870D3D8E}.Debug|Any CPU.ActiveCfg = Debug|Any CPU
		{ED302790-6FD3-4335-9018-26CC870D3D8E}.Debug|Any CPU.Build.0 = Debug|Any CPU
		{ED302790-6FD3-4335-9018-26CC870D3D8E}.Release|Any CPU.ActiveCfg = Release|Any CPU
		{ED302790-6FD3-4335-9018-26CC870D3D8E}.Release|Any CPU.Build.0 = Release|Any CPU
	EndGlobalSection
	GlobalSection(SolutionProperties) = preSolution
		HideSolutionNode = FALSE
	EndGlobalSection
	GlobalSection(ExtensibilityGlobals) = postSolution
		SolutionGuid = {D8C27ED7-1DE2-47B8-8FDC-2CCE154E7930}
	EndGlobalSection
EndGlobal
