
Microsoft Visual Studio Solution File, Format Version 12.00
# Visual Studio Version 17
VisualStudioVersion = 17.2.32630.192
MinimumVisualStudioVersion = 10.0.40219.1
Project("{9A19103F-16F7-4668-BE54-9A1E7A4F7556}") = "P01.FlowerWreaths", "P01.FlowerWreaths\P01.FlowerWreaths.csproj", "{EDF4A073-8666-4805-BC2E-10BED280A984}"
EndProject
Project("{9A19103F-16F7-4668-BE54-9A1E7A4F7556}") = "P02.Bee", "P02.Bee\P02.Bee.csproj", "{9E45F91F-EFA8-4D15-9164-1E0787A6CA9A}"
EndProject
Project("{9A19103F-16F7-4668-BE54-9A1E7A4F7556}") = "VetClinic", "P03.VetClinic\VetClinic.csproj", "{CAEA49F6-BC6A-4C33-9FB5-E2E208AEA481}"
EndProject
Global
	GlobalSection(SolutionConfigurationPlatforms) = preSolution
		Debug|Any CPU = Debug|Any CPU
		Release|Any CPU = Release|Any CPU
	EndGlobalSection
	GlobalSection(ProjectConfigurationPlatforms) = postSolution
		{EDF4A073-8666-4805-BC2E-10BED280A984}.Debug|Any CPU.ActiveCfg = Debug|Any CPU
		{EDF4A073-8666-4805-BC2E-10BED280A984}.Debug|Any CPU.Build.0 = Debug|Any CPU
		{EDF4A073-8666-4805-BC2E-10BED280A984}.Release|Any CPU.ActiveCfg = Release|Any CPU
		{EDF4A073-8666-4805-BC2E-10BED280A984}.Release|Any CPU.Build.0 = Release|Any CPU
		{9E45F91F-EFA8-4D15-9164-1E0787A6CA9A}.Debug|Any CPU.ActiveCfg = Debug|Any CPU
		{9E45F91F-EFA8-4D15-9164-1E0787A6CA9A}.Debug|Any CPU.Build.0 = Debug|Any CPU
		{9E45F91F-EFA8-4D15-9164-1E0787A6CA9A}.Release|Any CPU.ActiveCfg = Release|Any CPU
		{9E45F91F-EFA8-4D15-9164-1E0787A6CA9A}.Release|Any CPU.Build.0 = Release|Any CPU
		{CAEA49F6-BC6A-4C33-9FB5-E2E208AEA481}.Debug|Any CPU.ActiveCfg = Debug|Any CPU
		{CAEA49F6-BC6A-4C33-9FB5-E2E208AEA481}.Debug|Any CPU.Build.0 = Debug|Any CPU
		{CAEA49F6-BC6A-4C33-9FB5-E2E208AEA481}.Release|Any CPU.ActiveCfg = Release|Any CPU
		{CAEA49F6-BC6A-4C33-9FB5-E2E208AEA481}.Release|Any CPU.Build.0 = Release|Any CPU
	EndGlobalSection
	GlobalSection(SolutionProperties) = preSolution
		HideSolutionNode = FALSE
	EndGlobalSection
	GlobalSection(ExtensibilityGlobals) = postSolution
		SolutionGuid = {87132D01-2939-49A4-A6EA-D4CDD2B78DAD}
	EndGlobalSection
EndGlobal
