
Microsoft Visual Studio Solution File, Format Version 12.00
# Visual Studio Version 17
VisualStudioVersion = 17.2.32616.157
MinimumVisualStudioVersion = 10.0.40219.1
Project("{9A19103F-16F7-4668-BE54-9A1E7A4F7556}") = "P01.TilesMaster", "P01.TilesMaster\P01.TilesMaster.csproj", "{A5193043-1288-47B6-A7F6-B609B298F789}"
EndProject
Project("{9A19103F-16F7-4668-BE54-9A1E7A4F7556}") = "P02.WallDestroyer", "P02.WallDestroyer\P02.WallDestroyer.csproj", "{0AB59E3C-A7CD-45AF-B490-C7F216BCC55F}"
EndProject
Global
	GlobalSection(SolutionConfigurationPlatforms) = preSolution
		Debug|Any CPU = Debug|Any CPU
		Release|Any CPU = Release|Any CPU
	EndGlobalSection
	GlobalSection(ProjectConfigurationPlatforms) = postSolution
		{A5193043-1288-47B6-A7F6-B609B298F789}.Debug|Any CPU.ActiveCfg = Debug|Any CPU
		{A5193043-1288-47B6-A7F6-B609B298F789}.Debug|Any CPU.Build.0 = Debug|Any CPU
		{A5193043-1288-47B6-A7F6-B609B298F789}.Release|Any CPU.ActiveCfg = Release|Any CPU
		{A5193043-1288-47B6-A7F6-B609B298F789}.Release|Any CPU.Build.0 = Release|Any CPU
		{0AB59E3C-A7CD-45AF-B490-C7F216BCC55F}.Debug|Any CPU.ActiveCfg = Debug|Any CPU
		{0AB59E3C-A7CD-45AF-B490-C7F216BCC55F}.Debug|Any CPU.Build.0 = Debug|Any CPU
		{0AB59E3C-A7CD-45AF-B490-C7F216BCC55F}.Release|Any CPU.ActiveCfg = Release|Any CPU
		{0AB59E3C-A7CD-45AF-B490-C7F216BCC55F}.Release|Any CPU.Build.0 = Release|Any CPU
	EndGlobalSection
	GlobalSection(SolutionProperties) = preSolution
		HideSolutionNode = FALSE
	EndGlobalSection
	GlobalSection(ExtensibilityGlobals) = postSolution
		SolutionGuid = {EA55F16C-C71E-4201-AEF6-132BBE5A3C3A}
	EndGlobalSection
EndGlobal
